
Microsoft Visual Studio Solution File, Format Version 12.00
# Visual Studio 15
VisualStudioVersion = 15.0.28307.271
MinimumVisualStudioVersion = 10.0.40219.1
Project("{FAE04EC0-301F-11D3-BF4B-00C04F79EFBC}") = "DocImgZipper", "DocImgZipper\DocImgZipper.csproj", "{C7CB92D8-AB7E-41E6-87E6-DE78624037BC}"
EndProject
Global
	GlobalSection(SolutionConfigurationPlatforms) = preSolution
		Debug|Any CPU = Debug|Any CPU
		Release|Any CPU = Release|Any CPU
	EndGlobalSection
	GlobalSection(ProjectConfigurationPlatforms) = postSolution
		{C7CB92D8-AB7E-41E6-87E6-DE78624037BC}.Debug|Any CPU.ActiveCfg = Debug|Any CPU
		{C7CB92D8-AB7E-41E6-87E6-DE78624037BC}.Debug|Any CPU.Build.0 = Debug|Any CPU
		{C7CB92D8-AB7E-41E6-87E6-DE78624037BC}.Release|Any CPU.ActiveCfg = Release|Any CPU
		{C7CB92D8-AB7E-41E6-87E6-DE78624037BC}.Release|Any CPU.Build.0 = Release|Any CPU
	EndGlobalSection
	GlobalSection(SolutionProperties) = preSolution
		HideSolutionNode = FALSE
	EndGlobalSection
	GlobalSection(ExtensibilityGlobals) = postSolution
		SolutionGuid = {F1372BE1-27EC-4135-B03C-923AD318394B}
	EndGlobalSection
EndGlobal
